PODS:
  - Alamofire (4.9.1)
  - QNRequest (1.0.1):
    - Alamofire (~> 4.9.1)

DEPENDENCIES:
  - QNRequest (from `../`)

SPEC REPOS:
  trunk:
    - Alamofire

EXTERNAL SOURCES:
  QNRequest:
    :path: "../"

SPEC CHECKSUMS:
  Alamofire: 85e8a02c69d6020a0d734f6054870d7ecb75cf18
  QNRequest: 11be0d1179fd6bfe89a52d3d55abece935ae58a0

PODFILE CHECKSUM: 863e273a8f110822fd0dbb2ee3e6cec18f0b3384

COCOAPODS: 1.8.4
